
Microsoft Visual Studio Solution File, Format Version 12.00
# Visual Studio Version 17
VisualStudioVersion = 17.7.34202.233
MinimumVisualStudioVersion = 10.0.40219.1
Project("{9A19103F-16F7-4668-BE54-9A1E7A4F7556}") = "Entities", "Entities\Entities.csproj", "{502736B3-CB78-4316-BCA7-6063C7DB4B47}"
EndProject
Project("{9A19103F-16F7-4668-BE54-9A1E7A4F7556}") = "Core", "Core\Core.csproj", "{FC7A6CD2-D88A-42BF-8E36-2E810D5C63BE}"
EndProject
Project("{9A19103F-16F7-4668-BE54-9A1E7A4F7556}") = "DataAccess", "DataAccess\DataAccess.csproj", "{D4434B3E-6769-42FF-8F77-1F27E805D0BF}"
EndProject
Project("{FAE04EC0-301F-11D3-BF4B-00C04F79EFBC}") = "Business", "Business\Business.csproj", "{EB34D7A6-045C-448F-866C-8B953AF2C8BB}"
EndProject
Project("{FAE04EC0-301F-11D3-BF4B-00C04F79EFBC}") = "ConsoleUI", "ConsoleUI\ConsoleUI.csproj", "{A949F7C7-226C-4CA1-97D5-388D190A3F98}"
EndProject
Global
	GlobalSection(SolutionConfigurationPlatforms) = preSolution
		Debug|Any CPU = Debug|Any CPU
		Release|Any CPU = Release|Any CPU
	EndGlobalSection
	GlobalSection(ProjectConfigurationPlatforms) = postSolution
		{502736B3-CB78-4316-BCA7-6063C7DB4B47}.Debug|Any CPU.ActiveCfg = Debug|Any CPU
		{502736B3-CB78-4316-BCA7-6063C7DB4B47}.Debug|Any CPU.Build.0 = Debug|Any CPU
		{502736B3-CB78-4316-BCA7-6063C7DB4B47}.Release|Any CPU.ActiveCfg = Release|Any CPU
		{502736B3-CB78-4316-BCA7-6063C7DB4B47}.Release|Any CPU.Build.0 = Release|Any CPU
		{FC7A6CD2-D88A-42BF-8E36-2E810D5C63BE}.Debug|Any CPU.ActiveCfg = Debug|Any CPU
		{FC7A6CD2-D88A-42BF-8E36-2E810D5C63BE}.Debug|Any CPU.Build.0 = Debug|Any CPU
		{FC7A6CD2-D88A-42BF-8E36-2E810D5C63BE}.Release|Any CPU.ActiveCfg = Release|Any CPU
		{FC7A6CD2-D88A-42BF-8E36-2E810D5C63BE}.Release|Any CPU.Build.0 = Release|Any CPU
		{D4434B3E-6769-42FF-8F77-1F27E805D0BF}.Debug|Any CPU.ActiveCfg = Debug|Any CPU
		{D4434B3E-6769-42FF-8F77-1F27E805D0BF}.Debug|Any CPU.Build.0 = Debug|Any CPU
		{D4434B3E-6769-42FF-8F77-1F27E805D0BF}.Release|Any CPU.ActiveCfg = Release|Any CPU
		{D4434B3E-6769-42FF-8F77-1F27E805D0BF}.Release|Any CPU.Build.0 = Release|Any CPU
		{EB34D7A6-045C-448F-866C-8B953AF2C8BB}.Debug|Any CPU.ActiveCfg = Debug|Any CPU
		{EB34D7A6-045C-448F-866C-8B953AF2C8BB}.Debug|Any CPU.Build.0 = Debug|Any CPU
		{EB34D7A6-045C-448F-866C-8B953AF2C8BB}.Release|Any CPU.ActiveCfg = Release|Any CPU
		{EB34D7A6-045C-448F-866C-8B953AF2C8BB}.Release|Any CPU.Build.0 = Release|Any CPU
		{A949F7C7-226C-4CA1-97D5-388D190A3F98}.Debug|Any CPU.ActiveCfg = Debug|Any CPU
		{A949F7C7-226C-4CA1-97D5-388D190A3F98}.Debug|Any CPU.Build.0 = Debug|Any CPU
		{A949F7C7-226C-4CA1-97D5-388D190A3F98}.Release|Any CPU.ActiveCfg = Release|Any CPU
		{A949F7C7-226C-4CA1-97D5-388D190A3F98}.Release|Any CPU.Build.0 = Release|Any CPU
	EndGlobalSection
	GlobalSection(SolutionProperties) = preSolution
		HideSolutionNode = FALSE
	EndGlobalSection
	GlobalSection(ExtensibilityGlobals) = postSolution
		SolutionGuid = {125E68AA-CF78-4E26-BA8C-90DFFA1350A3}
	EndGlobalSection
EndGlobal
